
Microsoft Visual Studio Solution File, Format Version 12.00
# Visual Studio Version 17
VisualStudioVersion = 17.0.31903.59
MinimumVisualStudioVersion = 10.0.40219.1
Project("{FAE04EC0-301F-11D3-BF4B-00C04F79EFBC}") = "GitTray", "GitTray\GitTray.csproj", "{0FADB6CA-4BB8-4CC0-A5EF-BD2192F15BED}"
EndProject
Global
	GlobalSection(SolutionConfigurationPlatforms) = preSolution
		Debug|Any CPU = Debug|Any CPU
		Debug|x64 = Debug|x64
		Debug|x86 = Debug|x86
		Release|Any CPU = Release|Any CPU
		Release|x64 = Release|x64
		Release|x86 = Release|x86
	EndGlobalSection
	GlobalSection(ProjectConfigurationPlatforms) = postSolution
		{0FADB6CA-4BB8-4CC0-A5EF-BD2192F15BED}.Debug|Any CPU.ActiveCfg = Debug|Any CPU
		{0FADB6CA-4BB8-4CC0-A5EF-BD2192F15BED}.Debug|Any CPU.Build.0 = Debug|Any CPU
		{0FADB6CA-4BB8-4CC0-A5EF-BD2192F15BED}.Debug|x64.ActiveCfg = Debug|Any CPU
		{0FADB6CA-4BB8-4CC0-A5EF-BD2192F15BED}.Debug|x64.Build.0 = Debug|Any CPU
		{0FADB6CA-4BB8-4CC0-A5EF-BD2192F15BED}.Debug|x86.ActiveCfg = Debug|Any CPU
		{0FADB6CA-4BB8-4CC0-A5EF-BD2192F15BED}.Debug|x86.Build.0 = Debug|Any CPU
		{0FADB6CA-4BB8-4CC0-A5EF-BD2192F15BED}.Release|Any CPU.ActiveCfg = Release|Any CPU
		{0FADB6CA-4BB8-4CC0-A5EF-BD2192F15BED}.Release|Any CPU.Build.0 = Release|Any CPU
		{0FADB6CA-4BB8-4CC0-A5EF-BD2192F15BED}.Release|x64.ActiveCfg = Release|Any CPU
		{0FADB6CA-4BB8-4CC0-A5EF-BD2192F15BED}.Release|x64.Build.0 = Release|Any CPU
		{0FADB6CA-4BB8-4CC0-A5EF-BD2192F15BED}.Release|x86.ActiveCfg = Release|Any CPU
		{0FADB6CA-4BB8-4CC0-A5EF-BD2192F15BED}.Release|x86.Build.0 = Release|Any CPU
	EndGlobalSection
	GlobalSection(SolutionProperties) = preSolution
		HideSolutionNode = FALSE
	EndGlobalSection
EndGlobal
